// !$*UTF8*$!
{
	archiveVersion = 1;
	classes = {
	};
	objectVersion = 46;
	objects = {

/* Begin PBXBuildFile section */
		4219ED26BC60FC60AECDB3AE /* Pods_GitClieHubUITests.framework in Frameworks */ = {isa = PBXBuildFile; fileRef = 34C6D35A864E7E3404E34487 /* Pods_GitClieHubUITests.framework */; };
		98E0EC671CD8F16D008E2B12 /* AppDelegate.swift in Sources */ = {isa = PBXBuildFile; fileRef = 98E0EC661CD8F16D008E2B12 /* AppDelegate.swift */; };
		98E0EC691CD8F16D008E2B12 /* ViewController.swift in Sources */ = {isa = PBXBuildFile; fileRef = 98E0EC681CD8F16D008E2B12 /* ViewController.swift */; };
		98E0EC6C1CD8F16D008E2B12 /* Main.storyboard in Resources */ = {isa = PBXBuildFile; fileRef = 98E0EC6A1CD8F16D008E2B12 /* Main.storyboard */; };
		98E0EC6E1CD8F16D008E2B12 /* Assets.xcassets in Resources */ = {isa = PBXBuildFile; fileRef = 98E0EC6D1CD8F16D008E2B12 /* Assets.xcassets */; };
		98E0EC711CD8F16D008E2B12 /* LaunchScreen.storyboard in Resources */ = {isa = PBXBuildFile; fileRef = 98E0EC6F1CD8F16D008E2B12 /* LaunchScreen.storyboard */; };
		98E0EC7C1CD8F16D008E2B12 /* GitClieHubTests.swift in Sources */ = {isa = PBXBuildFile; fileRef = 98E0EC7B1CD8F16D008E2B12 /* GitClieHubTests.swift */; };
		98E0EC871CD8F16D008E2B12 /* GitClieHubUITests.swift in Sources */ = {isa = PBXBuildFile; fileRef = 98E0EC861CD8F16D008E2B12 /* GitClieHubUITests.swift */; };
		98E0ECA41CD90136008E2B12 /* FlowNavigatorController.swift in Sources */ = {isa = PBXBuildFile; fileRef = 98E0ECA31CD90136008E2B12 /* FlowNavigatorController.swift */; };
		98E0ECA61CD901F6008E2B12 /* FlowDelegate.swift in Sources */ = {isa = PBXBuildFile; fileRef = 98E0ECA51CD901F6008E2B12 /* FlowDelegate.swift */; };
		98E0ECAC1CD90780008E2B12 /* UserUseCases.swift in Sources */ = {isa = PBXBuildFile; fileRef = 98E0ECAB1CD90780008E2B12 /* UserUseCases.swift */; };
		98E0ECB01CD9084C008E2B12 /* NetworkRequest.swift in Sources */ = {isa = PBXBuildFile; fileRef = 98E0ECAF1CD9084C008E2B12 /* NetworkRequest.swift */; };
		98E0ECB21CD90874008E2B12 /* GithubRouter.swift in Sources */ = {isa = PBXBuildFile; fileRef = 98E0ECB11CD90874008E2B12 /* GithubRouter.swift */; };
		AE953A1DD29928AC68E5FBF1 /* Pods_GitClieHubTests.framework in Frameworks */ = {isa = PBXBuildFile; fileRef = AB0BBD0D71A657F2969B9B55 /* Pods_GitClieHubTests.framework */; };
		BD848303AE09370205F2EB48 /* Pods_GitClieHub.framework in Frameworks */ = {isa = PBXBuildFile; fileRef = 08F1D7D83B010B5AB3313870 /* Pods_GitClieHub.framework */; };
/* End PBXBuildFile section */

/* Begin PBXContainerItemProxy section */
		98E0EC781CD8F16D008E2B12 /* PBXContainerItemProxy */ = {
			isa = PBXContainerItemProxy;
			containerPortal = 98E0EC5B1CD8F16D008E2B12 /* Project object */;
			proxyType = 1;
			remoteGlobalIDString = 98E0EC621CD8F16D008E2B12;
			remoteInfo = GitClieHub;
		};
		98E0EC831CD8F16D008E2B12 /* PBXContainerItemProxy */ = {
			isa = PBXContainerItemProxy;
			containerPortal = 98E0EC5B1CD8F16D008E2B12 /* Project object */;
			proxyType = 1;
			remoteGlobalIDString = 98E0EC621CD8F16D008E2B12;
			remoteInfo = GitClieHub;
		};
/* End PBXContainerItemProxy section */

/* Begin PBXFileReference section */
		08F1D7D83B010B5AB3313870 /* Pods_GitClieHub.framework */ = {isa = PBXFileReference; explicitFileType = wrapper.framework; includeInIndex = 0; path = Pods_GitClieHub.framework; sourceTree = BUILT_PRODUCTS_DIR; };
		34C6D35A864E7E3404E34487 /* Pods_GitClieHubUITests.framework */ = {isa = PBXFileReference; explicitFileType = wrapper.framework; includeInIndex = 0; path = Pods_GitClieHubUITests.framework; sourceTree = BUILT_PRODUCTS_DIR; };
		430EAC509311F76DE4D43D02 /* Pods-GitClieHub.release.xcconfig */ = {isa = PBXFileReference; includeInIndex = 1; lastKnownFileType = text.xcconfig; name = "Pods-GitClieHub.release.xcconfig"; path = "Pods/Target Support Files/Pods-GitClieHub/Pods-GitClieHub.release.xcconfig"; sourceTree = "<group>"; };
		5DC668B55E53A6D7C2C36715 /* Pods-GitClieHub.debug.xcconfig */ = {isa = PBXFileReference; includeInIndex = 1; lastKnownFileType = text.xcconfig; name = "Pods-GitClieHub.debug.xcconfig"; path = "Pods/Target Support Files/Pods-GitClieHub/Pods-GitClieHub.debug.xcconfig"; sourceTree = "<group>"; };
		6AAF3C4E0C8D6F46DC0C7261 /* Pods-GitClieHubTests.debug.xcconfig */ = {isa = PBXFileReference; includeInIndex = 1; lastKnownFileType = text.xcconfig; name = "Pods-GitClieHubTests.debug.xcconfig"; path = "Pods/Target Support Files/Pods-GitClieHubTests/Pods-GitClieHubTests.debug.xcconfig"; sourceTree = "<group>"; };
		98E0EC631CD8F16D008E2B12 /* GitClieHub.app */ = {isa = PBXFileReference; explicitFileType = wrapper.application; includeInIndex = 0; path = GitClieHub.app; sourceTree = BUILT_PRODUCTS_DIR; };
		98E0EC661CD8F16D008E2B12 /* AppDelegate.swift */ = {isa = PBXFileReference; lastKnownFileType = sourcecode.swift; path = AppDelegate.swift; sourceTree = "<group>"; };
		98E0EC681CD8F16D008E2B12 /* ViewController.swift */ = {isa = PBXFileReference; lastKnownFileType = sourcecode.swift; path = ViewController.swift; sourceTree = "<group>"; };
		98E0EC6B1CD8F16D008E2B12 /* Base */ = {isa = PBXFileReference; lastKnownFileType = file.storyboard; name = Base; path = Base.lproj/Main.storyboard; sourceTree = "<group>"; };
		98E0EC6D1CD8F16D008E2B12 /* Assets.xcassets */ = {isa = PBXFileReference; lastKnownFileType = folder.assetcatalog; path = Assets.xcassets; sourceTree = "<group>"; };
		98E0EC701CD8F16D008E2B12 /* Base */ = {isa = PBXFileReference; lastKnownFileType = file.storyboard; name = Base; path = Base.lproj/LaunchScreen.storyboard; sourceTree = "<group>"; };
		98E0EC721CD8F16D008E2B12 /* Info.plist */ = {isa = PBXFileReference; lastKnownFileType = text.plist.xml; path = Info.plist; sourceTree = "<group>"; };
		98E0EC771CD8F16D008E2B12 /* GitClieHubTests.xctest */ = {isa = PBXFileReference; explicitFileType = wrapper.cfbundle; includeInIndex = 0; path = GitClieHubTests.xctest; sourceTree = BUILT_PRODUCTS_DIR; };
		98E0EC7B1CD8F16D008E2B12 /* GitClieHubTests.swift */ = {isa = PBXFileReference; lastKnownFileType = sourcecode.swift; path = GitClieHubTests.swift; sourceTree = "<group>"; };
		98E0EC7D1CD8F16D008E2B12 /* Info.plist */ = {isa = PBXFileReference; lastKnownFileType = text.plist.xml; path = Info.plist; sourceTree = "<group>"; };
		98E0EC821CD8F16D008E2B12 /* GitClieHubUITests.xctest */ = {isa = PBXFileReference; explicitFileType = wrapper.cfbundle; includeInIndex = 0; path = GitClieHubUITests.xctest; sourceTree = BUILT_PRODUCTS_DIR; };
		98E0EC861CD8F16D008E2B12 /* GitClieHubUITests.swift */ = {isa = PBXFileReference; lastKnownFileType = sourcecode.swift; path = GitClieHubUITests.swift; sourceTree = "<group>"; };
		98E0EC881CD8F16D008E2B12 /* Info.plist */ = {isa = PBXFileReference; lastKnownFileType = text.plist.xml; path = Info.plist; sourceTree = "<group>"; };
		98E0ECA31CD90136008E2B12 /* FlowNavigatorController.swift */ = {isa = PBXFileReference; fileEncoding = 4; lastKnownFileType = sourcecode.swift; path = FlowNavigatorController.swift; sourceTree = "<group>"; };
		98E0ECA51CD901F6008E2B12 /* FlowDelegate.swift */ = {isa = PBXFileReference; fileEncoding = 4; lastKnownFileType = sourcecode.swift; path = FlowDelegate.swift; sourceTree = "<group>"; };
		98E0ECAB1CD90780008E2B12 /* UserUseCases.swift */ = {isa = PBXFileReference; fileEncoding = 4; lastKnownFileType = sourcecode.swift; path = UserUseCases.swift; sourceTree = "<group>"; };
		98E0ECAF1CD9084C008E2B12 /* NetworkRequest.swift */ = {isa = PBXFileReference; fileEncoding = 4; lastKnownFileType = sourcecode.swift; path = NetworkRequest.swift; sourceTree = "<group>"; };
		98E0ECB11CD90874008E2B12 /* GithubRouter.swift */ = {isa = PBXFileReference; fileEncoding = 4; lastKnownFileType = sourcecode.swift; path = GithubRouter.swift; sourceTree = "<group>"; };
		AB0BBD0D71A657F2969B9B55 /* Pods_GitClieHubTests.framework */ = {isa = PBXFileReference; explicitFileType = wrapper.framework; includeInIndex = 0; path = Pods_GitClieHubTests.framework; sourceTree = BUILT_PRODUCTS_DIR; };
		AD67881F9193C9BAD557C756 /* Pods-GitClieHubUITests.debug.xcconfig */ = {isa = PBXFileReference; includeInIndex = 1; lastKnownFileType = text.xcconfig; name = "Pods-GitClieHubUITests.debug.xcconfig"; path = "Pods/Target Support Files/Pods-GitClieHubUITests/Pods-GitClieHubUITests.debug.xcconfig"; sourceTree = "<group>"; };
		E01FB020000C388F42873E4C /* Pods-GitClieHubUITests.release.xcconfig */ = {isa = PBXFileReference; includeInIndex = 1; lastKnownFileType = text.xcconfig; name = "Pods-GitClieHubUITests.release.xcconfig"; path = "Pods/Target Support Files/Pods-GitClieHubUITests/Pods-GitClieHubUITests.release.xcconfig"; sourceTree = "<group>"; };
		EE014A5C33026F11FDAA0AEE /* Pods-GitClieHubTests.release.xcconfig */ = {isa = PBXFileReference; includeInIndex = 1; lastKnownFileType = text.xcconfig; name = "Pods-GitClieHubTests.release.xcconfig"; path = "Pods/Target Support Files/Pods-GitClieHubTests/Pods-GitClieHubTests.release.xcconfig"; sourceTree = "<group>"; };
/* End PBXFileReference section */

/* Begin PBXFrameworksBuildPhase section */
		98E0EC601CD8F16D008E2B12 /* Frameworks */ = {
			isa = PBXFrameworksBuildPhase;
			buildActionMask = 2147483647;
			files = (
				BD848303AE09370205F2EB48 /* Pods_GitClieHub.framework in Frameworks */,
			);
			runOnlyForDeploymentPostprocessing = 0;
		};
		98E0EC741CD8F16D008E2B12 /* Frameworks */ = {
			isa = PBXFrameworksBuildPhase;
			buildActionMask = 2147483647;
			files = (
				AE953A1DD29928AC68E5FBF1 /* Pods_GitClieHubTests.framework in Frameworks */,
			);
			runOnlyForDeploymentPostprocessing = 0;
		};
		98E0EC7F1CD8F16D008E2B12 /* Frameworks */ = {
			isa = PBXFrameworksBuildPhase;
			buildActionMask = 2147483647;
			files = (
				4219ED26BC60FC60AECDB3AE /* Pods_GitClieHubUITests.framework in Frameworks */,
			);
			runOnlyForDeploymentPostprocessing = 0;
		};
/* End PBXFrameworksBuildPhase section */

/* Begin PBXGroup section */
		3541F6123B46BEAD50A8AF42 /* Frameworks */ = {
			isa = PBXGroup;
			children = (
				08F1D7D83B010B5AB3313870 /* Pods_GitClieHub.framework */,
				AB0BBD0D71A657F2969B9B55 /* Pods_GitClieHubTests.framework */,
				34C6D35A864E7E3404E34487 /* Pods_GitClieHubUITests.framework */,
			);
			name = Frameworks;
			sourceTree = "<group>";
		};
		3BDFC4182467366D73EE3D2E /* Pods */ = {
			isa = PBXGroup;
			children = (
				5DC668B55E53A6D7C2C36715 /* Pods-GitClieHub.debug.xcconfig */,
				430EAC509311F76DE4D43D02 /* Pods-GitClieHub.release.xcconfig */,
				6AAF3C4E0C8D6F46DC0C7261 /* Pods-GitClieHubTests.debug.xcconfig */,
				EE014A5C33026F11FDAA0AEE /* Pods-GitClieHubTests.release.xcconfig */,
				AD67881F9193C9BAD557C756 /* Pods-GitClieHubUITests.debug.xcconfig */,
				E01FB020000C388F42873E4C /* Pods-GitClieHubUITests.release.xcconfig */,
			);
			name = Pods;
			sourceTree = "<group>";
		};
		98E0EC5A1CD8F16D008E2B12 = {
			isa = PBXGroup;
			children = (
				98E0EC651CD8F16D008E2B12 /* GitClieHub */,
				98E0EC7A1CD8F16D008E2B12 /* GitClieHubTests */,
				98E0EC851CD8F16D008E2B12 /* GitClieHubUITests */,
				98E0EC641CD8F16D008E2B12 /* Products */,
				3BDFC4182467366D73EE3D2E /* Pods */,
				3541F6123B46BEAD50A8AF42 /* Frameworks */,
			);
			sourceTree = "<group>";
		};
		98E0EC641CD8F16D008E2B12 /* Products */ = {
			isa = PBXGroup;
			children = (
				98E0EC631CD8F16D008E2B12 /* GitClieHub.app */,
				98E0EC771CD8F16D008E2B12 /* GitClieHubTests.xctest */,
				98E0EC821CD8F16D008E2B12 /* GitClieHubUITests.xctest */,
			);
			name = Products;
			sourceTree = "<group>";
		};
		98E0EC651CD8F16D008E2B12 /* GitClieHub */ = {
			isa = PBXGroup;
			children = (
				98E0ECAD1CD90826008E2B12 /* Common */,
				98E0ECA21CD900EC008E2B12 /* Navigation */,
				98E0EC9E1CD8F3A4008E2B12 /* Data */,
				98E0EC941CD8F1BE008E2B12 /* Modules */,
				98E0EC661CD8F16D008E2B12 /* AppDelegate.swift */,
				98E0EC681CD8F16D008E2B12 /* ViewController.swift */,
				98E0EC6A1CD8F16D008E2B12 /* Main.storyboard */,
				98E0EC6D1CD8F16D008E2B12 /* Assets.xcassets */,
				98E0EC6F1CD8F16D008E2B12 /* LaunchScreen.storyboard */,
				98E0EC721CD8F16D008E2B12 /* Info.plist */,
			);
			path = GitClieHub;
			sourceTree = "<group>";
		};
		98E0EC7A1CD8F16D008E2B12 /* GitClieHubTests */ = {
			isa = PBXGroup;
			children = (
				98E0EC7B1CD8F16D008E2B12 /* GitClieHubTests.swift */,
				98E0EC7D1CD8F16D008E2B12 /* Info.plist */,
			);
			path = GitClieHubTests;
			sourceTree = "<group>";
		};
		98E0EC851CD8F16D008E2B12 /* GitClieHubUITests */ = {
			isa = PBXGroup;
			children = (
				98E0EC861CD8F16D008E2B12 /* GitClieHubUITests.swift */,
				98E0EC881CD8F16D008E2B12 /* Info.plist */,
			);
			path = GitClieHubUITests;
			sourceTree = "<group>";
		};
		98E0EC941CD8F1BE008E2B12 /* Modules */ = {
			isa = PBXGroup;
			children = (
				98E0EC971CD8F1F1008E2B12 /* RepoDetail */,
				98E0EC961CD8F1E2008E2B12 /* RepoList */,
				98E0EC951CD8F1D1008E2B12 /* User */,
			);
			name = Modules;
			sourceTree = "<group>";
		};
		98E0EC951CD8F1D1008E2B12 /* User */ = {
			isa = PBXGroup;
			children = (
				98E0EC9A1CD8F2CA008E2B12 /* Presentation */,
				98E0EC981CD8F29D008E2B12 /* Domain */,
			);
			name = User;
			sourceTree = "<group>";
		};
		98E0EC961CD8F1E2008E2B12 /* RepoList */ = {
			isa = PBXGroup;
			children = (
				98E0EC9D1CD8F2FE008E2B12 /* Presentation */,
				98E0EC9C1CD8F2F6008E2B12 /* Domain */,
			);
			name = RepoList;
			sourceTree = "<group>";
		};
		98E0EC971CD8F1F1008E2B12 /* RepoDetail */ = {
			isa = PBXGroup;
			children = (
			);
			name = RepoDetail;
			sourceTree = "<group>";
		};
		98E0EC981CD8F29D008E2B12 /* Domain */ = {
			isa = PBXGroup;
			children = (
				98E0ECAA1CD9068C008E2B12 /* Interactor/UseCase */,
				98E0ECA91CD90680008E2B12 /* ModuleObjects/Entities */,
			);
			name = Domain;
			sourceTree = "<group>";
		};
		98E0EC9A1CD8F2CA008E2B12 /* Presentation */ = {
			isa = PBXGroup;
			children = (
				98E0ECA81CD9064A008E2B12 /* View */,
				98E0ECA71CD90636008E2B12 /* Presenter */,
			);
			name = Presentation;
			sourceTree = "<group>";
		};
		98E0EC9C1CD8F2F6008E2B12 /* Domain */ = {
			isa = PBXGroup;
			children = (
			);
			name = Domain;
			sourceTree = "<group>";
		};
		98E0EC9D1CD8F2FE008E2B12 /* Presentation */ = {
			isa = PBXGroup;
			children = (
			);
			name = Presentation;
			sourceTree = "<group>";
		};
		98E0EC9E1CD8F3A4008E2B12 /* Data */ = {
			isa = PBXGroup;
			children = (
				98E0EC9F1CD8F3B2008E2B12 /* Source */,
			);
			name = Data;
			sourceTree = "<group>";
		};
		98E0EC9F1CD8F3B2008E2B12 /* Source */ = {
			isa = PBXGroup;
			children = (
				98E0ECA11CD8F3D6008E2B12 /* Remote */,
				98E0ECA01CD8F3CE008E2B12 /* Local */,
			);
			name = Source;
			sourceTree = "<group>";
		};
		98E0ECA01CD8F3CE008E2B12 /* Local */ = {
			isa = PBXGroup;
			children = (
			);
			name = Local;
			sourceTree = "<group>";
		};
		98E0ECA11CD8F3D6008E2B12 /* Remote */ = {
			isa = PBXGroup;
			children = (
			);
			name = Remote;
			sourceTree = "<group>";
		};
		98E0ECA21CD900EC008E2B12 /* Navigation */ = {
			isa = PBXGroup;
			children = (
				98E0ECA31CD90136008E2B12 /* FlowNavigatorController.swift */,
				98E0ECA51CD901F6008E2B12 /* FlowDelegate.swift */,
			);
			name = Navigation;
			sourceTree = "<group>";
		};
		98E0ECA71CD90636008E2B12 /* Presenter */ = {
			isa = PBXGroup;
			children = (
			);
			name = Presenter;
			sourceTree = "<group>";
		};
		98E0ECA81CD9064A008E2B12 /* View */ = {
			isa = PBXGroup;
			children = (
			);
			name = View;
			sourceTree = "<group>";
		};
		98E0ECA91CD90680008E2B12 /* ModuleObjects/Entities */ = {
			isa = PBXGroup;
			children = (
			);
			name = ModuleObjects/Entities;
			sourceTree = "<group>";
		};
		98E0ECAA1CD9068C008E2B12 /* Interactor/UseCase */ = {
			isa = PBXGroup;
			children = (
				98E0ECAB1CD90780008E2B12 /* UserUseCases.swift */,
			);
			name = Interactor/UseCase;
			sourceTree = "<group>";
		};
		98E0ECAD1CD90826008E2B12 /* Common */ = {
			isa = PBXGroup;
			children = (
				98E0ECAE1CD9082E008E2B12 /* Network */,
			);
			name = Common;
			sourceTree = "<group>";
		};
		98E0ECAE1CD9082E008E2B12 /* Network */ = {
			isa = PBXGroup;
			children = (
				98E0ECAF1CD9084C008E2B12 /* NetworkRequest.swift */,
				98E0ECB11CD90874008E2B12 /* GithubRouter.swift */,
			);
			name = Network;
			sourceTree = "<group>";
		};
/* End PBXGroup section */

/* Begin PBXNativeTarget section */
		98E0EC621CD8F16D008E2B12 /* GitClieHub */ = {
			isa = PBXNativeTarget;
			buildConfigurationList = 98E0EC8B1CD8F16D008E2B12 /* Build configuration list for PBXNativeTarget "GitClieHub" */;
			buildPhases = (
				8D1A9E7E9E24F822985E23EA /* 📦 Check Pods Manifest.lock */,
				98E0EC5F1CD8F16D008E2B12 /* Sources */,
				98E0EC601CD8F16D008E2B12 /* Frameworks */,
				98E0EC611CD8F16D008E2B12 /* Resources */,
				0B86F4318B42F89555CAD085 /* 📦 Embed Pods Frameworks */,
				1DD04D0AE76B3A705FBF61D2 /* 📦 Copy Pods Resources */,
			);
			buildRules = (
			);
			dependencies = (
			);
			name = GitClieHub;
			productName = GitClieHub;
			productReference = 98E0EC631CD8F16D008E2B12 /* GitClieHub.app */;
			productType = "com.apple.product-type.application";
		};
		98E0EC761CD8F16D008E2B12 /* GitClieHubTests */ = {
			isa = PBXNativeTarget;
			buildConfigurationList = 98E0EC8E1CD8F16D008E2B12 /* Build configuration list for PBXNativeTarget "GitClieHubTests" */;
			buildPhases = (
				5F3A97F49D9E733A80AB48FF /* 📦 Check Pods Manifest.lock */,
				98E0EC731CD8F16D008E2B12 /* Sources */,
				98E0EC741CD8F16D008E2B12 /* Frameworks */,
				98E0EC751CD8F16D008E2B12 /* Resources */,
				74B4861B210B6EB0594040A4 /* 📦 Embed Pods Frameworks */,
				8167D1D9CDB44645C830CB67 /* 📦 Copy Pods Resources */,
			);
			buildRules = (
			);
			dependencies = (
				98E0EC791CD8F16D008E2B12 /* PBXTargetDependency */,
			);
			name = GitClieHubTests;
			productName = GitClieHubTests;
			productReference = 98E0EC771CD8F16D008E2B12 /* GitClieHubTests.xctest */;
			productType = "com.apple.product-type.bundle.unit-test";
		};
		98E0EC811CD8F16D008E2B12 /* GitClieHubUITests */ = {
			isa = PBXNativeTarget;
			buildConfigurationList = 98E0EC911CD8F16D008E2B12 /* Build configuration list for PBXNativeTarget "GitClieHubUITests" */;
			buildPhases = (
				0BE2B24E99507F02FEFC28F1 /* 📦 Check Pods Manifest.lock */,
				98E0EC7E1CD8F16D008E2B12 /* Sources */,
				98E0EC7F1CD8F16D008E2B12 /* Frameworks */,
				98E0EC801CD8F16D008E2B12 /* Resources */,
				28D3605700F1D540811A902B /* 📦 Copy Pods Resources */,
			);
			buildRules = (
			);
			dependencies = (
				98E0EC841CD8F16D008E2B12 /* PBXTargetDependency */,
			);
			name = GitClieHubUITests;
			productName = GitClieHubUITests;
			productReference = 98E0EC821CD8F16D008E2B12 /* GitClieHubUITests.xctest */;
			productType = "com.apple.product-type.bundle.ui-testing";
		};
/* End PBXNativeTarget section */

/* Begin PBXProject section */
		98E0EC5B1CD8F16D008E2B12 /* Project object */ = {
			isa = PBXProject;
			attributes = {
				LastSwiftUpdateCheck = 0730;
				LastUpgradeCheck = 0730;
				ORGANIZATIONNAME = pigstycoders;
				TargetAttributes = {
					98E0EC621CD8F16D008E2B12 = {
						CreatedOnToolsVersion = 7.3;
					};
					98E0EC761CD8F16D008E2B12 = {
						CreatedOnToolsVersion = 7.3;
						TestTargetID = 98E0EC621CD8F16D008E2B12;
					};
					98E0EC811CD8F16D008E2B12 = {
						CreatedOnToolsVersion = 7.3;
						TestTargetID = 98E0EC621CD8F16D008E2B12;
					};
				};
			};
			buildConfigurationList = 98E0EC5E1CD8F16D008E2B12 /* Build configuration list for PBXProject "GitClieHub" */;
			compatibilityVersion = "Xcode 3.2";
			developmentRegion = English;
			hasScannedForEncodings = 0;
			knownRegions = (
				en,
				Base,
			);
			mainGroup = 98E0EC5A1CD8F16D008E2B12;
			productRefGroup = 98E0EC641CD8F16D008E2B12 /* Products */;
			projectDirPath = "";
			projectRoot = "";
			targets = (
				98E0EC621CD8F16D008E2B12 /* GitClieHub */,
				98E0EC761CD8F16D008E2B12 /* GitClieHubTests */,
				98E0EC811CD8F16D008E2B12 /* GitClieHubUITests */,
			);
		};
/* End PBXProject section */

/* Begin PBXResourcesBuildPhase section */
		98E0EC611CD8F16D008E2B12 /* Resources */ = {
			isa = PBXResourcesBuildPhase;
			buildActionMask = 2147483647;
			files = (
				98E0EC711CD8F16D008E2B12 /* LaunchScreen.storyboard in Resources */,
				98E0EC6E1CD8F16D008E2B12 /* Assets.xcassets in Resources */,
				98E0EC6C1CD8F16D008E2B12 /* Main.storyboard in Resources */,
			);
			runOnlyForDeploymentPostprocessing = 0;
		};
		98E0EC751CD8F16D008E2B12 /* Resources */ = {
			isa = PBXResourcesBuildPhase;
			buildActionMask = 2147483647;
			files = (
			);
			runOnlyForDeploymentPostprocessing = 0;
		};
		98E0EC801CD8F16D008E2B12 /* Resources */ = {
			isa = PBXResourcesBuildPhase;
			buildActionMask = 2147483647;
			files = (
			);
			runOnlyForDeploymentPostprocessing = 0;
		};
/* End PBXResourcesBuildPhase section */

/* Begin PBXShellScriptBuildPhase section */
		0B86F4318B42F89555CAD085 /* 📦 Embed Pods Frameworks */ = {
			isa = PBXShellScriptBuildPhase;
			buildActionMask = 2147483647;
			files = (
			);
			inputPaths = (
			);
			name = "📦 Embed Pods Frameworks";
			outputPaths = (
			);
			runOnlyForDeploymentPostprocessing = 0;
			shellPath = /bin/sh;
			shellScript = "\"${SRCROOT}/Pods/Target Support Files/Pods-GitClieHub/Pods-GitClieHub-frameworks.sh\"\n";
			showEnvVarsInLog = 0;
		};
		0BE2B24E99507F02FEFC28F1 /* 📦 Check Pods Manifest.lock */ = {
			isa = PBXShellScriptBuildPhase;
			buildActionMask = 2147483647;
			files = (
			);
			inputPaths = (
			);
			name = "📦 Check Pods Manifest.lock";
			outputPaths = (
			);
			runOnlyForDeploymentPostprocessing = 0;
			shellPath = /bin/sh;
			shellScript = "diff \"${PODS_ROOT}/../Podfile.lock\" \"${PODS_ROOT}/Manifest.lock\" > /dev/null\nif [[ $? != 0 ]] ; then\n    cat << EOM\nerror: The sandbox is not in sync with the Podfile.lock. Run 'pod install' or update your CocoaPods installation.\nEOM\n    exit 1\nfi\n";
			showEnvVarsInLog = 0;
		};
		1DD04D0AE76B3A705FBF61D2 /* 📦 Copy Pods Resources */ = {
			isa = PBXShellScriptBuildPhase;
			buildActionMask = 2147483647;
			files = (
			);
			inputPaths = (
			);
			name = "📦 Copy Pods Resources";
			outputPaths = (
			);
			runOnlyForDeploymentPostprocessing = 0;
			shellPath = /bin/sh;
			shellScript = "\"${SRCROOT}/Pods/Target Support Files/Pods-GitClieHub/Pods-GitClieHub-resources.sh\"\n";
			showEnvVarsInLog = 0;
		};
		28D3605700F1D540811A902B /* 📦 Copy Pods Resources */ = {
			isa = PBXShellScriptBuildPhase;
			buildActionMask = 2147483647;
			files = (
			);
			inputPaths = (
			);
			name = "📦 Copy Pods Resources";
			outputPaths = (
			);
			runOnlyForDeploymentPostprocessing = 0;
			shellPath = /bin/sh;
			shellScript = "\"${SRCROOT}/Pods/Target Support Files/Pods-GitClieHubUITests/Pods-GitClieHubUITests-resources.sh\"\n";
			showEnvVarsInLog = 0;
		};
		5F3A97F49D9E733A80AB48FF /* 📦 Check Pods Manifest.lock */ = {
			isa = PBXShellScriptBuildPhase;
			buildActionMask = 2147483647;
			files = (
			);
			inputPaths = (
			);
			name = "📦 Check Pods Manifest.lock";
			outputPaths = (
			);
			runOnlyForDeploymentPostprocessing = 0;
			shellPath = /bin/sh;
			shellScript = "diff \"${PODS_ROOT}/../Podfile.lock\" \"${PODS_ROOT}/Manifest.lock\" > /dev/null\nif [[ $? != 0 ]] ; then\n    cat << EOM\nerror: The sandbox is not in sync with the Podfile.lock. Run 'pod install' or update your CocoaPods installation.\nEOM\n    exit 1\nfi\n";
			showEnvVarsInLog = 0;
		};
		74B4861B210B6EB0594040A4 /* 📦 Embed Pods Frameworks */ = {
			isa = PBXShellScriptBuildPhase;
			buildActionMask = 2147483647;
			files = (
			);
			inputPaths = (
			);
			name = "📦 Embed Pods Frameworks";
			outputPaths = (
			);
			runOnlyForDeploymentPostprocessing = 0;
			shellPath = /bin/sh;
			shellScript = "\"${SRCROOT}/Pods/Target Support Files/Pods-GitClieHubTests/Pods-GitClieHubTests-frameworks.sh\"\n";
			showEnvVarsInLog = 0;
		};
		8167D1D9CDB44645C830CB67 /* 📦 Copy Pods Resources */ = {
			isa = PBXShellScriptBuildPhase;
			buildActionMask = 2147483647;
			files = (
			);
			inputPaths = (
			);
			name = "📦 Copy Pods Resources";
			outputPaths = (
			);
			runOnlyForDeploymentPostprocessing = 0;
			shellPath = /bin/sh;
			shellScript = "\"${SRCROOT}/Pods/Target Support Files/Pods-GitClieHubTests/Pods-GitClieHubTests-resources.sh\"\n";
			showEnvVarsInLog = 0;
		};
		8D1A9E7E9E24F822985E23EA /* 📦 Check Pods Manifest.lock */ = {
			isa = PBXShellScriptBuildPhase;
			buildActionMask = 2147483647;
			files = (
			);
			inputPaths = (
			);
			name = "📦 Check Pods Manifest.lock";
			outputPaths = (
			);
			runOnlyForDeploymentPostprocessing = 0;
			shellPath = /bin/sh;
			shellScript = "diff \"${PODS_ROOT}/../Podfile.lock\" \"${PODS_ROOT}/Manifest.lock\" > /dev/null\nif [[ $? != 0 ]] ; then\n    cat << EOM\nerror: The sandbox is not in sync with the Podfile.lock. Run 'pod install' or update your CocoaPods installation.\nEOM\n    exit 1\nfi\n";
			showEnvVarsInLog = 0;
		};
/* End PBXShellScriptBuildPhase section */

/* Begin PBXSourcesBuildPhase section */
		98E0EC5F1CD8F16D008E2B12 /* Sources */ = {
			isa = PBXSourcesBuildPhase;
			buildActionMask = 2147483647;
			files = (
				98E0ECA61CD901F6008E2B12 /* FlowDelegate.swift in Sources */,
				98E0ECA41CD90136008E2B12 /* FlowNavigatorController.swift in Sources */,
				98E0EC691CD8F16D008E2B12 /* ViewController.swift in Sources */,
				98E0EC671CD8F16D008E2B12 /* AppDelegate.swift in Sources */,
				98E0ECB21CD90874008E2B12 /* GithubRouter.swift in Sources */,
				98E0ECB01CD9084C008E2B12 /* NetworkRequest.swift in Sources */,
				98E0ECAC1CD90780008E2B12 /* UserUseCases.swift in Sources */,
			);
			runOnlyForDeploymentPostprocessing = 0;
		};
		98E0EC731CD8F16D008E2B12 /* Sources */ = {
			isa = PBXSourcesBuildPhase;
			buildActionMask = 2147483647;
			files = (
				98E0EC7C1CD8F16D008E2B12 /* GitClieHubTests.swift in Sources */,
			);
			runOnlyForDeploymentPostprocessing = 0;
		};
		98E0EC7E1CD8F16D008E2B12 /* Sources */ = {
			isa = PBXSourcesBuildPhase;
			buildActionMask = 2147483647;
			files = (
				98E0EC871CD8F16D008E2B12 /* GitClieHubUITests.swift in Sources */,
			);
			runOnlyForDeploymentPostprocessing = 0;
		};
/* End PBXSourcesBuildPhase section */

/* Begin PBXTargetDependency section */
		98E0EC791CD8F16D008E2B12 /* PBXTargetDependency */ = {
			isa = PBXTargetDependency;
			target = 98E0EC621CD8F16D008E2B12 /* GitClieHub */;
			targetProxy = 98E0EC781CD8F16D008E2B12 /* PBXContainerItemProxy */;
		};
		98E0EC841CD8F16D008E2B12 /* PBXTargetDependency */ = {
			isa = PBXTargetDependency;
			target = 98E0EC621CD8F16D008E2B12 /* GitClieHub */;
			targetProxy = 98E0EC831CD8F16D008E2B12 /* PBXContainerItemProxy */;
		};
/* End PBXTargetDependency section */

/* Begin PBXVariantGroup section */
		98E0EC6A1CD8F16D008E2B12 /* Main.storyboard */ = {
			isa = PBXVariantGroup;
			children = (
				98E0EC6B1CD8F16D008E2B12 /* Base */,
			);
			name = Main.storyboard;
			sourceTree = "<group>";
		};
		98E0EC6F1CD8F16D008E2B12 /* LaunchScreen.storyboard */ = {
			isa = PBXVariantGroup;
			children = (
				98E0EC701CD8F16D008E2B12 /* Base */,
			);
			name = LaunchScreen.storyboard;
			sourceTree = "<group>";
		};
/* End PBXVariantGroup section */

/* Begin XCBuildConfiguration section */
		98E0EC891CD8F16D008E2B12 /* Debug */ = {
			isa = XCBuildConfiguration;
			buildSettings = {
				ALWAYS_SEARCH_USER_PATHS = NO;
				CLANG_ANALYZER_NONNULL = YES;
				CLANG_CXX_LANGUAGE_STANDARD = "gnu++0x";
				CLANG_CXX_LIBRARY = "libc++";
				CLANG_ENABLE_MODULES = YES;
				CLANG_ENABLE_OBJC_ARC = YES;
				CLANG_WARN_BOOL_CONVERSION = YES;
				CLANG_WARN_CONSTANT_CONVERSION = YES;
				CLANG_WARN_DIRECT_OBJC_ISA_USAGE = YES_ERROR;
				CLANG_WARN_EMPTY_BODY = YES;
				CLANG_WARN_ENUM_CONVERSION = YES;
				CLANG_WARN_INT_CONVERSION = YES;
				CLANG_WARN_OBJC_ROOT_CLASS = YES_ERROR;
				CLANG_WARN_UNREACHABLE_CODE = YES;
				CLANG_WARN__DUPLICATE_METHOD_MATCH = YES;
				"CODE_SIGN_IDENTITY[sdk=iphoneos*]" = "iPhone Developer";
				COPY_PHASE_STRIP = NO;
				DEBUG_INFORMATION_FORMAT = dwarf;
				ENABLE_STRICT_OBJC_MSGSEND = YES;
				ENABLE_TESTABILITY = YES;
				GCC_C_LANGUAGE_STANDARD = gnu99;
				GCC_DYNAMIC_NO_PIC = NO;
				GCC_NO_COMMON_BLOCKS = YES;
				GCC_OPTIMIZATION_LEVEL = 0;
				GCC_PREPROCESSOR_DEFINITIONS = (
					"DEBUG=1",
					"$(inherited)",
				);
				GCC_WARN_64_TO_32_BIT_CONVERSION = YES;
				GCC_WARN_ABOUT_RETURN_TYPE = YES_ERROR;
				GCC_WARN_UNDECLARED_SELECTOR = YES;
				GCC_WARN_UNINITIALIZED_AUTOS = YES_AGGRESSIVE;
				GCC_WARN_UNUSED_FUNCTION = YES;
				GCC_WARN_UNUSED_VARIABLE = YES;
				IPHONEOS_DEPLOYMENT_TARGET = 9.3;
				MTL_ENABLE_DEBUG_INFO = YES;
				ONLY_ACTIVE_ARCH = YES;
				SDKROOT = iphoneos;
				SWIFT_OPTIMIZATION_LEVEL = "-Onone";
				TARGETED_DEVICE_FAMILY = "1,2";
			};
			name = Debug;
		};
		98E0EC8A1CD8F16D008E2B12 /* Release */ = {
			isa = XCBuildConfiguration;
			buildSettings = {
				ALWAYS_SEARCH_USER_PATHS = NO;
				CLANG_ANALYZER_NONNULL = YES;
				CLANG_CXX_LANGUAGE_STANDARD = "gnu++0x";
				CLANG_CXX_LIBRARY = "libc++";
				CLANG_ENABLE_MODULES = YES;
				CLANG_ENABLE_OBJC_ARC = YES;
				CLANG_WARN_BOOL_CONVERSION = YES;
				CLANG_WARN_CONSTANT_CONVERSION = YES;
				CLANG_WARN_DIRECT_OBJC_ISA_USAGE = YES_ERROR;
				CLANG_WARN_EMPTY_BODY = YES;
				CLANG_WARN_ENUM_CONVERSION = YES;
				CLANG_WARN_INT_CONVERSION = YES;
				CLANG_WARN_OBJC_ROOT_CLASS = YES_ERROR;
				CLANG_WARN_UNREACHABLE_CODE = YES;
				CLANG_WARN__DUPLICATE_METHOD_MATCH = YES;
				"CODE_SIGN_IDENTITY[sdk=iphoneos*]" = "iPhone Developer";
				COPY_PHASE_STRIP = NO;
				DEBUG_INFORMATION_FORMAT = "dwarf-with-dsym";
				ENABLE_NS_ASSERTIONS = NO;
				ENABLE_STRICT_OBJC_MSGSEND = YES;
				GCC_C_LANGUAGE_STANDARD = gnu99;
				GCC_NO_COMMON_BLOCKS = YES;
				GCC_WARN_64_TO_32_BIT_CONVERSION = YES;
				GCC_WARN_ABOUT_RETURN_TYPE = YES_ERROR;
				GCC_WARN_UNDECLARED_SELECTOR = YES;
				GCC_WARN_UNINITIALIZED_AUTOS = YES_AGGRESSIVE;
				GCC_WARN_UNUSED_FUNCTION = YES;
				GCC_WARN_UNUSED_VARIABLE = YES;
				IPHONEOS_DEPLOYMENT_TARGET = 9.3;
				MTL_ENABLE_DEBUG_INFO = NO;
				SDKROOT = iphoneos;
				TARGETED_DEVICE_FAMILY = "1,2";
				VALIDATE_PRODUCT = YES;
			};
			name = Release;
		};
		98E0EC8C1CD8F16D008E2B12 /* Debug */ = {
			isa = XCBuildConfiguration;
			baseConfigurationReference = 5DC668B55E53A6D7C2C36715 /* Pods-GitClieHub.debug.xcconfig */;
			buildSettings = {
				ASSETCATALOG_COMPILER_APPICON_NAME = AppIcon;
				INFOPLIST_FILE = GitClieHub/Info.plist;
				LD_RUNPATH_SEARCH_PATHS = "$(inherited) @executable_path/Frameworks";
				PRODUCT_BUNDLE_IDENTIFIER = com.pigstycoders.GitClieHub;
				PRODUCT_NAME = "$(TARGET_NAME)";
			};
			name = Debug;
		};
		98E0EC8D1CD8F16D008E2B12 /* Release */ = {
			isa = XCBuildConfiguration;
			baseConfigurationReference = 430EAC509311F76DE4D43D02 /* Pods-GitClieHub.release.xcconfig */;
			buildSettings = {
				ASSETCATALOG_COMPILER_APPICON_NAME = AppIcon;
				INFOPLIST_FILE = GitClieHub/Info.plist;
				LD_RUNPATH_SEARCH_PATHS = "$(inherited) @executable_path/Frameworks";
				PRODUCT_BUNDLE_IDENTIFIER = com.pigstycoders.GitClieHub;
				PRODUCT_NAME = "$(TARGET_NAME)";
			};
			name = Release;
		};
		98E0EC8F1CD8F16D008E2B12 /* Debug */ = {
			isa = XCBuildConfiguration;
			baseConfigurationReference = 6AAF3C4E0C8D6F46DC0C7261 /* Pods-GitClieHubTests.debug.xcconfig */;
			buildSettings = {
				BUNDLE_LOADER = "$(TEST_HOST)";
				INFOPLIST_FILE = GitClieHubTests/Info.plist;
				LD_RUNPATH_SEARCH_PATHS = "$(inherited) @executable_path/Frameworks @loader_path/Frameworks";
				PRODUCT_BUNDLE_IDENTIFIER = com.pigstycoders.GitClieHubTests;
				PRODUCT_NAME = "$(TARGET_NAME)";
				TEST_HOST = "$(BUILT_PRODUCTS_DIR)/GitClieHub.app/GitClieHub";
			};
			name = Debug;
		};
		98E0EC901CD8F16D008E2B12 /* Release */ = {
			isa = XCBuildConfiguration;
			baseConfigurationReference = EE014A5C33026F11FDAA0AEE /* Pods-GitClieHubTests.release.xcconfig */;
			buildSettings = {
				BUNDLE_LOADER = "$(TEST_HOST)";
				INFOPLIST_FILE = GitClieHubTests/Info.plist;
				LD_RUNPATH_SEARCH_PATHS = "$(inherited) @executable_path/Frameworks @loader_path/Frameworks";
				PRODUCT_BUNDLE_IDENTIFIER = com.pigstycoders.GitClieHubTests;
				PRODUCT_NAME = "$(TARGET_NAME)";
				TEST_HOST = "$(BUILT_PRODUCTS_DIR)/GitClieHub.app/GitClieHub";
			};
			name = Release;
		};
		98E0EC921CD8F16D008E2B12 /* Debug */ = {
			isa = XCBuildConfiguration;
			baseConfigurationReference = AD67881F9193C9BAD557C756 /* Pods-GitClieHubUITests.debug.xcconfig */;
			buildSettings = {
				INFOPLIST_FILE = GitClieHubUITests/Info.plist;
				LD_RUNPATH_SEARCH_PATHS = "$(inherited) @executable_path/Frameworks @loader_path/Frameworks";
				PRODUCT_BUNDLE_IDENTIFIER = com.pigstycoders.GitClieHubUITests;
				PRODUCT_NAME = "$(TARGET_NAME)";
				TEST_TARGET_NAME = GitClieHub;
			};
			name = Debug;
		};
		98E0EC931CD8F16D008E2B12 /* Release */ = {
			isa = XCBuildConfiguration;
			baseConfigurationReference = E01FB020000C388F42873E4C /* Pods-GitClieHubUITests.release.xcconfig */;
			buildSettings = {
				INFOPLIST_FILE = GitClieHubUITests/Info.plist;
				LD_RUNPATH_SEARCH_PATHS = "$(inherited) @executable_path/Frameworks @loader_path/Frameworks";
				PRODUCT_BUNDLE_IDENTIFIER = com.pigstycoders.GitClieHubUITests;
				PRODUCT_NAME = "$(TARGET_NAME)";
				TEST_TARGET_NAME = GitClieHub;
			};
			name = Release;
		};
/* End XCBuildConfiguration section */

/* Begin XCConfigurationList section */
		98E0EC5E1CD8F16D008E2B12 /* Build configuration list for PBXProject "GitClieHub" */ = {
			isa = XCConfigurationList;
			buildConfigurations = (
				98E0EC891CD8F16D008E2B12 /* Debug */,
				98E0EC8A1CD8F16D008E2B12 /* Release */,
			);
			defaultConfigurationIsVisible = 0;
			defaultConfigurationName = Release;
		};
		98E0EC8B1CD8F16D008E2B12 /* Build configuration list for PBXNativeTarget "GitClieHub" */ = {
			isa = XCConfigurationList;
			buildConfigurations = (
				98E0EC8C1CD8F16D008E2B12 /* Debug */,
				98E0EC8D1CD8F16D008E2B12 /* Release */,
			);
			defaultConfigurationIsVisible = 0;
			defaultConfigurationName = Release;
		};
		98E0EC8E1CD8F16D008E2B12 /* Build configuration list for PBXNativeTarget "GitClieHubTests" */ = {
			isa = XCConfigurationList;
			buildConfigurations = (
				98E0EC8F1CD8F16D008E2B12 /* Debug */,
				98E0EC901CD8F16D008E2B12 /* Release */,
			);
			defaultConfigurationIsVisible = 0;
			defaultConfigurationName = Release;
		};
		98E0EC911CD8F16D008E2B12 /* Build configuration list for PBXNativeTarget "GitClieHubUITests" */ = {
			isa = XCConfigurationList;
			buildConfigurations = (
				98E0EC921CD8F16D008E2B12 /* Debug */,
				98E0EC931CD8F16D008E2B12 /* Release */,
			);
			defaultConfigurationIsVisible = 0;
			defaultConfigurationName = Release;
		};
/* End XCConfigurationList section */
	};
	rootObject = 98E0EC5B1CD8F16D008E2B12 /* Project object */;
}
